// !$*UTF8*$!
{
	archiveVersion = 1;
	classes = {
	};
	objectVersion = 48;
	objects = {

/* Begin PBXBuildFile section */
		CE0207421FDDEEFB000E3BF4 /* AppDelegate.swift in Sources */ = {isa = PBXBuildFile; fileRef = CE0207411FDDEEFB000E3BF4 /* AppDelegate.swift */; };
		CE0207491FDDEEFB000E3BF4 /* Main.storyboard in Resources */ = {isa = PBXBuildFile; fileRef = CE0207471FDDEEFB000E3BF4 /* Main.storyboard */; };
		CE02074B1FDDEEFB000E3BF4 /* Assets.xcassets in Resources */ = {isa = PBXBuildFile; fileRef = CE02074A1FDDEEFB000E3BF4 /* Assets.xcassets */; };
		CE02074E1FDDEEFB000E3BF4 /* LaunchScreen.storyboard in Resources */ = {isa = PBXBuildFile; fileRef = CE02074C1FDDEEFB000E3BF4 /* LaunchScreen.storyboard */; };
		CE0207591FDDEEFB000E3BF4 /* NetWorksTests.swift in Sources */ = {isa = PBXBuildFile; fileRef = CE0207581FDDEEFB000E3BF4 /* NetWorksTests.swift */; };
		CE0207641FDDEFEB000E3BF4 /* Cartfile in Resources */ = {isa = PBXBuildFile; fileRef = CE0207631FDDEFEB000E3BF4 /* Cartfile */; };
		CE02076D1FDDF09A000E3BF4 /* NWAPI.swift in Sources */ = {isa = PBXBuildFile; fileRef = CE0207671FDDF09A000E3BF4 /* NWAPI.swift */; };
		CE02076E1FDDF09A000E3BF4 /* NWProjectSync.swift in Sources */ = {isa = PBXBuildFile; fileRef = CE0207681FDDF09A000E3BF4 /* NWProjectSync.swift */; };
		CE02076F1FDDF09A000E3BF4 /* NetWorksDataModel.xcdatamodeld in Sources */ = {isa = PBXBuildFile; fileRef = CE02076A1FDDF09A000E3BF4 /* NetWorksDataModel.xcdatamodeld */; };
		CE0207731FDDF4EB000E3BF4 /* ProjectsViewController.swift in Sources */ = {isa = PBXBuildFile; fileRef = CE0207711FDDF4EB000E3BF4 /* ProjectsViewController.swift */; };
		CE0207741FDDF4EB000E3BF4 /* ProjectViewController.swift in Sources */ = {isa = PBXBuildFile; fileRef = CE0207721FDDF4EB000E3BF4 /* ProjectViewController.swift */; };
		CE0207781FDDF641000E3BF4 /* AlamofireImage.framework in Frameworks */ = {isa = PBXBuildFile; fileRef = CE0207761FDDF641000E3BF4 /* AlamofireImage.framework */; };
		CE0207791FDDF641000E3BF4 /* Alamofire.framework in Frameworks */ = {isa = PBXBuildFile; fileRef = CE0207771FDDF641000E3BF4 /* Alamofire.framework */; };
		CE02077E1FDDF6FC000E3BF4 /* KeychainSwift.framework in Frameworks */ = {isa = PBXBuildFile; fileRef = CE02077B1FDDF6FC000E3BF4 /* KeychainSwift.framework */; };
		CE02077F1FDDF6FC000E3BF4 /* Sync.framework in Frameworks */ = {isa = PBXBuildFile; fileRef = CE02077C1FDDF6FC000E3BF4 /* Sync.framework */; };
		CE0207821FDDF73A000E3BF4 /* XCGLogger.framework in Frameworks */ = {isa = PBXBuildFile; fileRef = CE0207811FDDF73A000E3BF4 /* XCGLogger.framework */; };
		CE2A403E202412BD007D9948 /* LocationViewController.swift in Sources */ = {isa = PBXBuildFile; fileRef = CE2A403D202412BD007D9948 /* LocationViewController.swift */; };
		CE2A4042202426D7007D9948 /* PDFEditorViewController.swift in Sources */ = {isa = PBXBuildFile; fileRef = CE2A4041202426D7007D9948 /* PDFEditorViewController.swift */; };
		CE2A404420242896007D9948 /* ILPDFKit.framework in Frameworks */ = {isa = PBXBuildFile; fileRef = CE2A404320242896007D9948 /* ILPDFKit.framework */; };
		CE4E20BE204F97BA0036E97C /* PKHUD.framework in Frameworks */ = {isa = PBXBuildFile; fileRef = CE4E20BD204F97BA0036E97C /* PKHUD.framework */; };
		CE4E20C0204FB94E0036E97C /* NWJobTypeSync.swift in Sources */ = {isa = PBXBuildFile; fileRef = CE4E20BF204FB94E0036E97C /* NWJobTypeSync.swift */; };
		CE4E20C2204FFC6A0036E97C /* Hydra.framework in Frameworks */ = {isa = PBXBuildFile; fileRef = CE4E20C1204FFC6A0036E97C /* Hydra.framework */; };
		CE5EF67E207AE773003F1190 /* BaseJobLineItemTypesController.swift in Sources */ = {isa = PBXBuildFile; fileRef = CE5EF67B207AE772003F1190 /* BaseJobLineItemTypesController.swift */; };
		CE5EF67F207AE773003F1190 /* JobLineItemTypesController.swift in Sources */ = {isa = PBXBuildFile; fileRef = CE5EF67C207AE772003F1190 /* JobLineItemTypesController.swift */; };
		CE5EF680207AE773003F1190 /* JobLineItemTypeSearchResultsController.swift in Sources */ = {isa = PBXBuildFile; fileRef = CE5EF67D207AE772003F1190 /* JobLineItemTypeSearchResultsController.swift */; };
		CE5EF682207AE8B3003F1190 /* JobLineItemTypeCell.xib in Resources */ = {isa = PBXBuildFile; fileRef = CE5EF681207AE8B3003F1190 /* JobLineItemTypeCell.xib */; };
		CE5EF68820841F43003F1190 /* WorkOrderActionsViewController.swift in Sources */ = {isa = PBXBuildFile; fileRef = CE5EF68420841F43003F1190 /* WorkOrderActionsViewController.swift */; };
		CE5EF68920841F43003F1190 /* WorkOrderLineItemActionsViewController.swift in Sources */ = {isa = PBXBuildFile; fileRef = CE5EF68520841F43003F1190 /* WorkOrderLineItemActionsViewController.swift */; };
		CE5EF68A20841F43003F1190 /* WorkOrderLineItemViewController.swift in Sources */ = {isa = PBXBuildFile; fileRef = CE5EF68620841F43003F1190 /* WorkOrderLineItemViewController.swift */; };
		CE5EF68B20841F43003F1190 /* WorkOrderViewController.swift in Sources */ = {isa = PBXBuildFile; fileRef = CE5EF68720841F43003F1190 /* WorkOrderViewController.swift */; };
		CE5EF68E20841F4F003F1190 /* CameraViewController.swift in Sources */ = {isa = PBXBuildFile; fileRef = CE5EF68D20841F4F003F1190 /* CameraViewController.swift */; };
		CE5EF69120842C6E003F1190 /* NWLocationManager.swift in Sources */ = {isa = PBXBuildFile; fileRef = CE5EF69020842C6E003F1190 /* NWLocationManager.swift */; };
		CE5EF69420842D10003F1190 /* UIImage-extension.swift in Sources */ = {isa = PBXBuildFile; fileRef = CE5EF69320842D10003F1190 /* UIImage-extension.swift */; };
		CE5EF69620843562003F1190 /* AuthorisationViewController.swift in Sources */ = {isa = PBXBuildFile; fileRef = CE5EF69520843562003F1190 /* AuthorisationViewController.swift */; };
		CE5EF698208496E6003F1190 /* SwiftyJSON.framework in Frameworks */ = {isa = PBXBuildFile; fileRef = CE5EF697208496E6003F1190 /* SwiftyJSON.framework */; };
		CE69078820222D0600A0E51B /* FontAwesome.framework in Frameworks */ = {isa = PBXBuildFile; fileRef = CE69078720222D0600A0E51B /* FontAwesome.framework */; };
		CE69078A2022B75B00A0E51B /* NWSyncBase.swift in Sources */ = {isa = PBXBuildFile; fileRef = CE6907892022B75B00A0E51B /* NWSyncBase.swift */; };
		CE7CD6C820A1429300A4780D /* FilesProvider.framework in Frameworks */ = {isa = PBXBuildFile; fileRef = CE7CD6C720A1429300A4780D /* FilesProvider.framework */; };
		CE7CD6E420ABAF8E00A4780D /* CommentViewController.swift in Sources */ = {isa = PBXBuildFile; fileRef = CE7CD6CE20ABAF8E00A4780D /* CommentViewController.swift */; };
		CE7CD6E520ABAF8E00A4780D /* CommentViewController.xib in Resources */ = {isa = PBXBuildFile; fileRef = CE7CD6CF20ABAF8E00A4780D /* CommentViewController.xib */; };
		CE7CD6E620ABAF8E00A4780D /* Foundation.swift in Sources */ = {isa = PBXBuildFile; fileRef = CE7CD6D120ABAF8E00A4780D /* Foundation.swift */; };
		CE7CD6E720ABAF8E00A4780D /* Transition.swift in Sources */ = {isa = PBXBuildFile; fileRef = CE7CD6D220ABAF8E00A4780D /* Transition.swift */; };
		CE7CD6E820ABAF8E00A4780D /* FailedViewController.swift in Sources */ = {isa = PBXBuildFile; fileRef = CE7CD6D420ABAF8E00A4780D /* FailedViewController.swift */; };
		CE7CD6E920ABAF8E00A4780D /* FailedViewController.xib in Resources */ = {isa = PBXBuildFile; fileRef = CE7CD6D520ABAF8E00A4780D /* FailedViewController.xib */; };
		CE7CD6EA20ABAF8E00A4780D /* FilesBrowserController.swift in Sources */ = {isa = PBXBuildFile; fileRef = CE7CD6D720ABAF8E00A4780D /* FilesBrowserController.swift */; };
		CE7CD6EB20ABAF8E00A4780D /* FilesBrowserDelegates.swift in Sources */ = {isa = PBXBuildFile; fileRef = CE7CD6D820ABAF8E00A4780D /* FilesBrowserDelegates.swift */; };
		CE7CD6EC20ABAF8E00A4780D /* FilesTableViewController.swift in Sources */ = {isa = PBXBuildFile; fileRef = CE7CD6DA20ABAF8E00A4780D /* FilesTableViewController.swift */; };
		CE7CD6ED20ABAF8E00A4780D /* FileTableViewCell.swift in Sources */ = {isa = PBXBuildFile; fileRef = CE7CD6DB20ABAF8E00A4780D /* FileTableViewCell.swift */; };
		CE7CD6EE20ABAF8E00A4780D /* FileTableViewCell.xib in Resources */ = {isa = PBXBuildFile; fileRef = CE7CD6DC20ABAF8E00A4780D /* FileTableViewCell.xib */; };
		CE7CD6EF20ABAF8E00A4780D /* LoadingViewController.swift in Sources */ = {isa = PBXBuildFile; fileRef = CE7CD6DE20ABAF8E00A4780D /* LoadingViewController.swift */; };
		CE7CD6F020ABAF8E00A4780D /* LoadingViewController.xib in Resources */ = {isa = PBXBuildFile; fileRef = CE7CD6DF20ABAF8E00A4780D /* LoadingViewController.xib */; };
		CE7CD6F120ABAF8E00A4780D /* Assets.xcassets in Resources */ = {isa = PBXBuildFile; fileRef = CE7CD6E120ABAF8E00A4780D /* Assets.xcassets */; };
		CE7CD6F220ABAF8E00A4780D /* Info.plist in Resources */ = {isa = PBXBuildFile; fileRef = CE7CD6E320ABAF8E00A4780D /* Info.plist */; };
		CEA23DC1208BD2CA009F3F92 /* NWAuthorisationAPI.swift in Sources */ = {isa = PBXBuildFile; fileRef = CEA23DC0208BD2CA009F3F92 /* NWAuthorisationAPI.swift */; };
		CEE249282048AE59001FB037 /* TextInputTableViewCell.swift in Sources */ = {isa = PBXBuildFile; fileRef = CEE249272048AE59001FB037 /* TextInputTableViewCell.swift */; };
/* End PBXBuildFile section */

/* Begin PBXContainerItemProxy section */
		CE0207551FDDEEFB000E3BF4 /* PBXContainerItemProxy */ = {
			isa = PBXContainerItemProxy;
			containerPortal = CE0207361FDDEEFB000E3BF4 /* Project object */;
			proxyType = 1;
			remoteGlobalIDString = CE02073D1FDDEEFB000E3BF4;
			remoteInfo = NetWorks;
		};
/* End PBXContainerItemProxy section */

/* Begin PBXFileReference section */
		CE02073E1FDDEEFB000E3BF4 /* NetWorks.app */ = {isa = PBXFileReference; explicitFileType = wrapper.application; includeInIndex = 0; path = NetWorks.app; sourceTree = BUILT_PRODUCTS_DIR; };
		CE0207411FDDEEFB000E3BF4 /* AppDelegate.swift */ = {isa = PBXFileReference; lastKnownFileType = sourcecode.swift; path = AppDelegate.swift; sourceTree = "<group>"; };
		CE0207481FDDEEFB000E3BF4 /* Base */ = {isa = PBXFileReference; lastKnownFileType = file.storyboard; name = Base; path = Base.lproj/Main.storyboard; sourceTree = "<group>"; };
		CE02074A1FDDEEFB000E3BF4 /* Assets.xcassets */ = {isa = PBXFileReference; lastKnownFileType = folder.assetcatalog; path = Assets.xcassets; sourceTree = "<group>"; };
		CE02074D1FDDEEFB000E3BF4 /* Base */ = {isa = PBXFileReference; lastKnownFileType = file.storyboard; name = Base; path = Base.lproj/LaunchScreen.storyboard; sourceTree = "<group>"; };
		CE02074F1FDDEEFB000E3BF4 /* Info.plist */ = {isa = PBXFileReference; lastKnownFileType = text.plist.xml; path = Info.plist; sourceTree = "<group>"; };
		CE0207541FDDEEFB000E3BF4 /* NetWorksTests.xctest */ = {isa = PBXFileReference; explicitFileType = wrapper.cfbundle; includeInIndex = 0; path = NetWorksTests.xctest; sourceTree = BUILT_PRODUCTS_DIR; };
		CE0207581FDDEEFB000E3BF4 /* NetWorksTests.swift */ = {isa = PBXFileReference; lastKnownFileType = sourcecode.swift; path = NetWorksTests.swift; sourceTree = "<group>"; };
		CE02075A1FDDEEFB000E3BF4 /* Info.plist */ = {isa = PBXFileReference; lastKnownFileType = text.plist.xml; path = Info.plist; sourceTree = "<group>"; };
		CE0207631FDDEFEB000E3BF4 /* Cartfile */ = {isa = PBXFileReference; fileEncoding = 4; lastKnownFileType = text; path = Cartfile; sourceTree = SOURCE_ROOT; };
		CE0207671FDDF09A000E3BF4 /* NWAPI.swift */ = {isa = PBXFileReference; fileEncoding = 4; lastKnownFileType = sourcecode.swift; path = NWAPI.swift; sourceTree = "<group>"; };
		CE0207681FDDF09A000E3BF4 /* NWProjectSync.swift */ = {isa = PBXFileReference; fileEncoding = 4; lastKnownFileType = sourcecode.swift; path = NWProjectSync.swift; sourceTree = "<group>"; };
		CE02076B1FDDF09A000E3BF4 /* NetWorksDataModel.xcdatamodel */ = {isa = PBXFileReference; lastKnownFileType = wrapper.xcdatamodel; path = NetWorksDataModel.xcdatamodel; sourceTree = "<group>"; };
		CE0207711FDDF4EB000E3BF4 /* ProjectsViewController.swift */ = {isa = PBXFileReference; fileEncoding = 4; lastKnownFileType = sourcecode.swift; path = ProjectsViewController.swift; sourceTree = "<group>"; };
		CE0207721FDDF4EB000E3BF4 /* ProjectViewController.swift */ = {isa = PBXFileReference; fileEncoding = 4; lastKnownFileType = sourcecode.swift; path = ProjectViewController.swift; sourceTree = "<group>"; };
		CE0207761FDDF641000E3BF4 /* AlamofireImage.framework */ = {isa = PBXFileReference; lastKnownFileType = wrapper.framework; name = AlamofireImage.framework; path = Carthage/Build/iOS/AlamofireImage.framework; sourceTree = "<group>"; };
		CE0207771FDDF641000E3BF4 /* Alamofire.framework */ = {isa = PBXFileReference; lastKnownFileType = wrapper.framework; name = Alamofire.framework; path = Carthage/Build/iOS/Alamofire.framework; sourceTree = "<group>"; };
		CE02077B1FDDF6FC000E3BF4 /* KeychainSwift.framework */ = {isa = PBXFileReference; lastKnownFileType = wrapper.framework; name = KeychainSwift.framework; path = Carthage/Build/iOS/KeychainSwift.framework; sourceTree = "<group>"; };
		CE02077C1FDDF6FC000E3BF4 /* Sync.framework */ = {isa = PBXFileReference; lastKnownFileType = wrapper.framework; name = Sync.framework; path = Carthage/Build/iOS/Sync.framework; sourceTree = "<group>"; };
		CE0207811FDDF73A000E3BF4 /* XCGLogger.framework */ = {isa = PBXFileReference; lastKnownFileType = wrapper.framework; name = XCGLogger.framework; path = Carthage/Build/iOS/XCGLogger.framework; sourceTree = "<group>"; };
		CE2A403D202412BD007D9948 /* LocationViewController.swift */ = {isa = PBXFileReference; lastKnownFileType = sourcecode.swift; path = LocationViewController.swift; sourceTree = "<group>"; };
		CE2A4041202426D7007D9948 /* PDFEditorViewController.swift */ = {isa = PBXFileReference; lastKnownFileType = sourcecode.swift; path = PDFEditorViewController.swift; sourceTree = "<group>"; };
		CE2A404320242896007D9948 /* ILPDFKit.framework */ = {isa = PBXFileReference; lastKnownFileType = wrapper.framework; name = ILPDFKit.framework; path = Carthage/Build/iOS/ILPDFKit.framework; sourceTree = "<group>"; };
		CE4E20BD204F97BA0036E97C /* PKHUD.framework */ = {isa = PBXFileReference; lastKnownFileType = wrapper.framework; name = PKHUD.framework; path = Carthage/Build/iOS/PKHUD.framework; sourceTree = "<group>"; };
		CE4E20BF204FB94E0036E97C /* NWJobTypeSync.swift */ = {isa = PBXFileReference; lastKnownFileType = sourcecode.swift; path = NWJobTypeSync.swift; sourceTree = "<group>"; };
		CE4E20C1204FFC6A0036E97C /* Hydra.framework */ = {isa = PBXFileReference; lastKnownFileType = wrapper.framework; name = Hydra.framework; path = Carthage/Build/iOS/Hydra.framework; sourceTree = "<group>"; };
		CE5EF67B207AE772003F1190 /* BaseJobLineItemTypesController.swift */ = {isa = PBXFileReference; fileEncoding = 4; lastKnownFileType = sourcecode.swift; path = BaseJobLineItemTypesController.swift; sourceTree = "<group>"; };
		CE5EF67C207AE772003F1190 /* JobLineItemTypesController.swift */ = {isa = PBXFileReference; fileEncoding = 4; lastKnownFileType = sourcecode.swift; path = JobLineItemTypesController.swift; sourceTree = "<group>"; };
		CE5EF67D207AE772003F1190 /* JobLineItemTypeSearchResultsController.swift */ = {isa = PBXFileReference; fileEncoding = 4; lastKnownFileType = sourcecode.swift; path = JobLineItemTypeSearchResultsController.swift; sourceTree = "<group>"; };
		CE5EF681207AE8B3003F1190 /* JobLineItemTypeCell.xib */ = {isa = PBXFileReference; fileEncoding = 4; lastKnownFileType = file.xib; path = JobLineItemTypeCell.xib; sourceTree = "<group>"; };
		CE5EF68420841F43003F1190 /* WorkOrderActionsViewController.swift */ = {isa = PBXFileReference; fileEncoding = 4; lastKnownFileType = sourcecode.swift; path = WorkOrderActionsViewController.swift; sourceTree = "<group>"; };
		CE5EF68520841F43003F1190 /* WorkOrderLineItemActionsViewController.swift */ = {isa = PBXFileReference; fileEncoding = 4; lastKnownFileType = sourcecode.swift; path = WorkOrderLineItemActionsViewController.swift; sourceTree = "<group>"; };
		CE5EF68620841F43003F1190 /* WorkOrderLineItemViewController.swift */ = {isa = PBXFileReference; fileEncoding = 4; lastKnownFileType = sourcecode.swift; path = WorkOrderLineItemViewController.swift; sourceTree = "<group>"; };
		CE5EF68720841F43003F1190 /* WorkOrderViewController.swift */ = {isa = PBXFileReference; fileEncoding = 4; lastKnownFileType = sourcecode.swift; path = WorkOrderViewController.swift; sourceTree = "<group>"; };
		CE5EF68D20841F4F003F1190 /* CameraViewController.swift */ = {isa = PBXFileReference; fileEncoding = 4; lastKnownFileType = sourcecode.swift; path = CameraViewController.swift; sourceTree = "<group>"; };
		CE5EF69020842C6E003F1190 /* NWLocationManager.swift */ = {isa = PBXFileReference; fileEncoding = 4; lastKnownFileType = sourcecode.swift; path = NWLocationManager.swift; sourceTree = "<group>"; };
		CE5EF69320842D10003F1190 /* UIImage-extension.swift */ = {isa = PBXFileReference; fileEncoding = 4; lastKnownFileType = sourcecode.swift; path = "UIImage-extension.swift"; sourceTree = "<group>"; };
		CE5EF69520843562003F1190 /* AuthorisationViewController.swift */ = {isa = PBXFileReference; fileEncoding = 4; lastKnownFileType = sourcecode.swift; path = AuthorisationViewController.swift; sourceTree = "<group>"; };
		CE5EF697208496E6003F1190 /* SwiftyJSON.framework */ = {isa = PBXFileReference; lastKnownFileType = wrapper.framework; name = SwiftyJSON.framework; path = Carthage/Build/iOS/SwiftyJSON.framework; sourceTree = "<group>"; };
		CE69078720222D0600A0E51B /* FontAwesome.framework */ = {isa = PBXFileReference; lastKnownFileType = wrapper.framework; name = FontAwesome.framework; path = Carthage/Build/iOS/FontAwesome.framework; sourceTree = "<group>"; };
		CE6907892022B75B00A0E51B /* NWSyncBase.swift */ = {isa = PBXFileReference; lastKnownFileType = sourcecode.swift; path = NWSyncBase.swift; sourceTree = "<group>"; };
		CE7CD6C720A1429300A4780D /* FilesProvider.framework */ = {isa = PBXFileReference; lastKnownFileType = wrapper.framework; name = FilesProvider.framework; path = Carthage/Build/iOS/FilesProvider.framework; sourceTree = "<group>"; };
		CE7CD6CE20ABAF8E00A4780D /* CommentViewController.swift */ = {isa = PBXFileReference; fileEncoding = 4; lastKnownFileType = sourcecode.swift; path = CommentViewController.swift; sourceTree = "<group>"; };
		CE7CD6CF20ABAF8E00A4780D /* CommentViewController.xib */ = {isa = PBXFileReference; fileEncoding = 4; lastKnownFileType = file.xib; path = CommentViewController.xib; sourceTree = "<group>"; };
		CE7CD6D120ABAF8E00A4780D /* Foundation.swift */ = {isa = PBXFileReference; fileEncoding = 4; lastKnownFileType = sourcecode.swift; path = Foundation.swift; sourceTree = "<group>"; };
		CE7CD6D220ABAF8E00A4780D /* Transition.swift */ = {isa = PBXFileReference; fileEncoding = 4; lastKnownFileType = sourcecode.swift; path = Transition.swift; sourceTree = "<group>"; };
		CE7CD6D420ABAF8E00A4780D /* FailedViewController.swift */ = {isa = PBXFileReference; fileEncoding = 4; lastKnownFileType = sourcecode.swift; path = FailedViewController.swift; sourceTree = "<group>"; };
		CE7CD6D520ABAF8E00A4780D /* FailedViewController.xib */ = {isa = PBXFileReference; fileEncoding = 4; lastKnownFileType = file.xib; path = FailedViewController.xib; sourceTree = "<group>"; };
		CE7CD6D720ABAF8E00A4780D /* FilesBrowserController.swift */ = {isa = PBXFileReference; fileEncoding = 4; lastKnownFileType = sourcecode.swift; path = FilesBrowserController.swift; sourceTree = "<group>"; };
		CE7CD6D820ABAF8E00A4780D /* FilesBrowserDelegates.swift */ = {isa = PBXFileReference; fileEncoding = 4; lastKnownFileType = sourcecode.swift; path = FilesBrowserDelegates.swift; sourceTree = "<group>"; };
		CE7CD6DA20ABAF8E00A4780D /* FilesTableViewController.swift */ = {isa = PBXFileReference; fileEncoding = 4; lastKnownFileType = sourcecode.swift; path = FilesTableViewController.swift; sourceTree = "<group>"; };
		CE7CD6DB20ABAF8E00A4780D /* FileTableViewCell.swift */ = {isa = PBXFileReference; fileEncoding = 4; lastKnownFileType = sourcecode.swift; path = FileTableViewCell.swift; sourceTree = "<group>"; };
		CE7CD6DC20ABAF8E00A4780D /* FileTableViewCell.xib */ = {isa = PBXFileReference; fileEncoding = 4; lastKnownFileType = file.xib; path = FileTableViewCell.xib; sourceTree = "<group>"; };
		CE7CD6DE20ABAF8E00A4780D /* LoadingViewController.swift */ = {isa = PBXFileReference; fileEncoding = 4; lastKnownFileType = sourcecode.swift; path = LoadingViewController.swift; sourceTree = "<group>"; };
		CE7CD6DF20ABAF8E00A4780D /* LoadingViewController.xib */ = {isa = PBXFileReference; fileEncoding = 4; lastKnownFileType = file.xib; path = LoadingViewController.xib; sourceTree = "<group>"; };
		CE7CD6E120ABAF8E00A4780D /* Assets.xcassets */ = {isa = PBXFileReference; lastKnownFileType = folder.assetcatalog; path = Assets.xcassets; sourceTree = "<group>"; };
		CE7CD6E220ABAF8E00A4780D /* FilesBrowser.h */ = {isa = PBXFileReference; fileEncoding = 4; lastKnownFileType = sourcecode.c.h; path = FilesBrowser.h; sourceTree = "<group>"; };
		CE7CD6E320ABAF8E00A4780D /* Info.plist */ = {isa = PBXFileReference; fileEncoding = 4; lastKnownFileType = text.plist.xml; path = Info.plist; sourceTree = "<group>"; };
		CEA23DC0208BD2CA009F3F92 /* NWAuthorisationAPI.swift */ = {isa = PBXFileReference; lastKnownFileType = sourcecode.swift; path = NWAuthorisationAPI.swift; sourceTree = "<group>"; };
		CEE249272048AE59001FB037 /* TextInputTableViewCell.swift */ = {isa = PBXFileReference; lastKnownFileType = sourcecode.swift; path = TextInputTableViewCell.swift; sourceTree = "<group>"; };
/* End PBXFileReference section */

/* Begin PBXFrameworksBuildPhase section */
		CE02073B1FDDEEFB000E3BF4 /* Frameworks */ = {
			isa = PBXFrameworksBuildPhase;
			buildActionMask = 2147483647;
			files = (
				CE0207791FDDF641000E3BF4 /* Alamofire.framework in Frameworks */,
				CE0207781FDDF641000E3BF4 /* AlamofireImage.framework in Frameworks */,
				CE02077E1FDDF6FC000E3BF4 /* KeychainSwift.framework in Frameworks */,
				CE02077F1FDDF6FC000E3BF4 /* Sync.framework in Frameworks */,
				CE0207821FDDF73A000E3BF4 /* XCGLogger.framework in Frameworks */,
				CE69078820222D0600A0E51B /* FontAwesome.framework in Frameworks */,
				CE2A404420242896007D9948 /* ILPDFKit.framework in Frameworks */,
				CE4E20BE204F97BA0036E97C /* PKHUD.framework in Frameworks */,
				CE4E20C2204FFC6A0036E97C /* Hydra.framework in Frameworks */,
				CE5EF698208496E6003F1190 /* SwiftyJSON.framework in Frameworks */,
				CE7CD6C820A1429300A4780D /* FilesProvider.framework in Frameworks */,
			);
			runOnlyForDeploymentPostprocessing = 0;
		};
		CE0207511FDDEEFB000E3BF4 /* Frameworks */ = {
			isa = PBXFrameworksBuildPhase;
			buildActionMask = 2147483647;
			files = (
			);
			runOnlyForDeploymentPostprocessing = 0;
		};
/* End PBXFrameworksBuildPhase section */

/* Begin PBXGroup section */
		CE0207351FDDEEFB000E3BF4 = {
			isa = PBXGroup;
			children = (
				CE0207401FDDEEFB000E3BF4 /* NetWorks */,
				CE0207571FDDEEFB000E3BF4 /* NetWorksTests */,
				CE02073F1FDDEEFB000E3BF4 /* Products */,
				CE0207751FDDF641000E3BF4 /* Frameworks */,
			);
			sourceTree = "<group>";
		};
		CE02073F1FDDEEFB000E3BF4 /* Products */ = {
			isa = PBXGroup;
			children = (
				CE02073E1FDDEEFB000E3BF4 /* NetWorks.app */,
				CE0207541FDDEEFB000E3BF4 /* NetWorksTests.xctest */,
			);
			name = Products;
			sourceTree = "<group>";
		};
		CE0207401FDDEEFB000E3BF4 /* NetWorks */ = {
			isa = PBXGroup;
			children = (
				CE0207631FDDEFEB000E3BF4 /* Cartfile */,
				CE02074F1FDDEEFB000E3BF4 /* Info.plist */,
				CE0207411FDDEEFB000E3BF4 /* AppDelegate.swift */,
				CE5EF69220842D10003F1190 /* Extensions */,
				CE5EF68F20842C6E003F1190 /* Location Manager */,
				CE0207701FDDF4EB000E3BF4 /* UI */,
				CE0207651FDDF09A000E3BF4 /* NetWorksAPI */,
				CE02074A1FDDEEFB000E3BF4 /* Assets.xcassets */,
			);
			path = NetWorks;
			sourceTree = "<group>";
		};
		CE0207571FDDEEFB000E3BF4 /* NetWorksTests */ = {
			isa = PBXGroup;
			children = (
				CE0207581FDDEEFB000E3BF4 /* NetWorksTests.swift */,
				CE02075A1FDDEEFB000E3BF4 /* Info.plist */,
			);
			path = NetWorksTests;
			sourceTree = "<group>";
		};
		CE0207651FDDF09A000E3BF4 /* NetWorksAPI */ = {
			isa = PBXGroup;
			children = (
				CE0207661FDDF09A000E3BF4 /* API */,
				CE0207691FDDF09A000E3BF4 /* Model */,
			);
			path = NetWorksAPI;
			sourceTree = "<group>";
		};
		CE0207661FDDF09A000E3BF4 /* API */ = {
			isa = PBXGroup;
			children = (
				CE0207671FDDF09A000E3BF4 /* NWAPI.swift */,
				CE6907892022B75B00A0E51B /* NWSyncBase.swift */,
				CE0207681FDDF09A000E3BF4 /* NWProjectSync.swift */,
				CE4E20BF204FB94E0036E97C /* NWJobTypeSync.swift */,
				CEA23DC0208BD2CA009F3F92 /* NWAuthorisationAPI.swift */,
			);
			path = API;
			sourceTree = "<group>";
		};
		CE0207691FDDF09A000E3BF4 /* Model */ = {
			isa = PBXGroup;
			children = (
				CE02076A1FDDF09A000E3BF4 /* NetWorksDataModel.xcdatamodeld */,
			);
			path = Model;
			sourceTree = "<group>";
		};
		CE0207701FDDF4EB000E3BF4 /* UI */ = {
			isa = PBXGroup;
			children = (
				CE0207471FDDEEFB000E3BF4 /* Main.storyboard */,
				CE02074C1FDDEEFB000E3BF4 /* LaunchScreen.storyboard */,
				CE5EF69520843562003F1190 /* AuthorisationViewController.swift */,
				CE0207711FDDF4EB000E3BF4 /* ProjectsViewController.swift */,
				CE0207721FDDF4EB000E3BF4 /* ProjectViewController.swift */,
				CE2A403D202412BD007D9948 /* LocationViewController.swift */,
				CE2A4041202426D7007D9948 /* PDFEditorViewController.swift */,
				CEE249272048AE59001FB037 /* TextInputTableViewCell.swift */,
				CE5EF68320841F43003F1190 /* WorkOrders */,
				CE5EF67A207AE772003F1190 /* JobLineItemTypes */,
				CE5EF68C20841F4F003F1190 /* Camera */,
				CE7CD6CC20ABAF8E00A4780D /* FilesBrowser */,
			);
			path = UI;
			sourceTree = "<group>";
		};
		CE0207751FDDF641000E3BF4 /* Frameworks */ = {
			isa = PBXGroup;
			children = (
				CE7CD6C720A1429300A4780D /* FilesProvider.framework */,
				CE5EF697208496E6003F1190 /* SwiftyJSON.framework */,
				CE4E20C1204FFC6A0036E97C /* Hydra.framework */,
				CE4E20BD204F97BA0036E97C /* PKHUD.framework */,
				CE2A404320242896007D9948 /* ILPDFKit.framework */,
				CE69078720222D0600A0E51B /* FontAwesome.framework */,
				CE0207811FDDF73A000E3BF4 /* XCGLogger.framework */,
				CE02077B1FDDF6FC000E3BF4 /* KeychainSwift.framework */,
				CE02077C1FDDF6FC000E3BF4 /* Sync.framework */,
				CE0207771FDDF641000E3BF4 /* Alamofire.framework */,
				CE0207761FDDF641000E3BF4 /* AlamofireImage.framework */,
			);
			name = Frameworks;
			sourceTree = "<group>";
		};
		CE5EF67A207AE772003F1190 /* JobLineItemTypes */ = {
			isa = PBXGroup;
			children = (
				CE5EF681207AE8B3003F1190 /* JobLineItemTypeCell.xib */,
				CE5EF67B207AE772003F1190 /* BaseJobLineItemTypesController.swift */,
				CE5EF67C207AE772003F1190 /* JobLineItemTypesController.swift */,
				CE5EF67D207AE772003F1190 /* JobLineItemTypeSearchResultsController.swift */,
			);
			path = JobLineItemTypes;
			sourceTree = "<group>";
		};
		CE5EF68320841F43003F1190 /* WorkOrders */ = {
			isa = PBXGroup;
			children = (
				CE5EF68420841F43003F1190 /* WorkOrderActionsViewController.swift */,
				CE5EF68520841F43003F1190 /* WorkOrderLineItemActionsViewController.swift */,
				CE5EF68620841F43003F1190 /* WorkOrderLineItemViewController.swift */,
				CE5EF68720841F43003F1190 /* WorkOrderViewController.swift */,
			);
			path = WorkOrders;
			sourceTree = "<group>";
		};
		CE5EF68C20841F4F003F1190 /* Camera */ = {
			isa = PBXGroup;
			children = (
				CE5EF68D20841F4F003F1190 /* CameraViewController.swift */,
			);
			name = Camera;
			path = NetWorks/UI/Camera;
			sourceTree = SOURCE_ROOT;
		};
		CE5EF68F20842C6E003F1190 /* Location Manager */ = {
			isa = PBXGroup;
			children = (
				CE5EF69020842C6E003F1190 /* NWLocationManager.swift */,
			);
			name = "Location Manager";
			path = "NetWorks/Location Manager";
			sourceTree = SOURCE_ROOT;
		};
		CE5EF69220842D10003F1190 /* Extensions */ = {
			isa = PBXGroup;
			children = (
				CE5EF69320842D10003F1190 /* UIImage-extension.swift */,
			);
			path = Extensions;
			sourceTree = "<group>";
		};
		CE7CD6CC20ABAF8E00A4780D /* FilesBrowser */ = {
			isa = PBXGroup;
			children = (
				CE7CD6CD20ABAF8E00A4780D /* Comment */,
				CE7CD6D020ABAF8E00A4780D /* Extension */,
				CE7CD6D320ABAF8E00A4780D /* Failed */,
				CE7CD6D620ABAF8E00A4780D /* FilesFlow */,
				CE7CD6D920ABAF8E00A4780D /* FilesTable */,
				CE7CD6DD20ABAF8E00A4780D /* Loading */,
				CE7CD6E020ABAF8E00A4780D /* Supporting */,
			);
			name = FilesBrowser;
			path = NetWorks/FilesBrowser;
			sourceTree = SOURCE_ROOT;
		};
		CE7CD6CD20ABAF8E00A4780D /* Comment */ = {
			isa = PBXGroup;
			children = (
				CE7CD6CE20ABAF8E00A4780D /* CommentViewController.swift */,
				CE7CD6CF20ABAF8E00A4780D /* CommentViewController.xib */,
			);
			path = Comment;
			sourceTree = "<group>";
		};
		CE7CD6D020ABAF8E00A4780D /* Extension */ = {
			isa = PBXGroup;
			children = (
				CE7CD6D120ABAF8E00A4780D /* Foundation.swift */,
				CE7CD6D220ABAF8E00A4780D /* Transition.swift */,
			);
			path = Extension;
			sourceTree = "<group>";
		};
		CE7CD6D320ABAF8E00A4780D /* Failed */ = {
			isa = PBXGroup;
			children = (
				CE7CD6D420ABAF8E00A4780D /* FailedViewController.swift */,
				CE7CD6D520ABAF8E00A4780D /* FailedViewController.xib */,
			);
			path = Failed;
			sourceTree = "<group>";
		};
		CE7CD6D620ABAF8E00A4780D /* FilesFlow */ = {
			isa = PBXGroup;
			children = (
				CE7CD6D720ABAF8E00A4780D /* FilesBrowserController.swift */,
				CE7CD6D820ABAF8E00A4780D /* FilesBrowserDelegates.swift */,
			);
			path = FilesFlow;
			sourceTree = "<group>";
		};
		CE7CD6D920ABAF8E00A4780D /* FilesTable */ = {
			isa = PBXGroup;
			children = (
				CE7CD6DA20ABAF8E00A4780D /* FilesTableViewController.swift */,
				CE7CD6DB20ABAF8E00A4780D /* FileTableViewCell.swift */,
				CE7CD6DC20ABAF8E00A4780D /* FileTableViewCell.xib */,
			);
			path = FilesTable;
			sourceTree = "<group>";
		};
		CE7CD6DD20ABAF8E00A4780D /* Loading */ = {
			isa = PBXGroup;
			children = (
				CE7CD6DE20ABAF8E00A4780D /* LoadingViewController.swift */,
				CE7CD6DF20ABAF8E00A4780D /* LoadingViewController.xib */,
			);
			path = Loading;
			sourceTree = "<group>";
		};
		CE7CD6E020ABAF8E00A4780D /* Supporting */ = {
			isa = PBXGroup;
			children = (
				CE7CD6E120ABAF8E00A4780D /* Assets.xcassets */,
				CE7CD6E220ABAF8E00A4780D /* FilesBrowser.h */,
				CE7CD6E320ABAF8E00A4780D /* Info.plist */,
			);
			path = Supporting;
			sourceTree = "<group>";
		};
/* End PBXGroup section */

/* Begin PBXNativeTarget section */
		CE02073D1FDDEEFB000E3BF4 /* NetWorks */ = {
			isa = PBXNativeTarget;
			buildConfigurationList = CE02075D1FDDEEFB000E3BF4 /* Build configuration list for PBXNativeTarget "NetWorks" */;
			buildPhases = (
				CE02073A1FDDEEFB000E3BF4 /* Sources */,
				CE02073B1FDDEEFB000E3BF4 /* Frameworks */,
				CE02073C1FDDEEFB000E3BF4 /* Resources */,
				CE02077A1FDDF66E000E3BF4 /* ShellScript */,
			);
			buildRules = (
			);
			dependencies = (
			);
			name = NetWorks;
			productName = NetWorks;
			productReference = CE02073E1FDDEEFB000E3BF4 /* NetWorks.app */;
			productType = "com.apple.product-type.application";
		};
		CE0207531FDDEEFB000E3BF4 /* NetWorksTests */ = {
			isa = PBXNativeTarget;
			buildConfigurationList = CE0207601FDDEEFB000E3BF4 /* Build configuration list for PBXNativeTarget "NetWorksTests" */;
			buildPhases = (
				CE0207501FDDEEFB000E3BF4 /* Sources */,
				CE0207511FDDEEFB000E3BF4 /* Frameworks */,
				CE0207521FDDEEFB000E3BF4 /* Resources */,
			);
			buildRules = (
			);
			dependencies = (
				CE0207561FDDEEFB000E3BF4 /* PBXTargetDependency */,
			);
			name = NetWorksTests;
			productName = NetWorksTests;
			productReference = CE0207541FDDEEFB000E3BF4 /* NetWorksTests.xctest */;
			productType = "com.apple.product-type.bundle.unit-test";
		};
/* End PBXNativeTarget section */

/* Begin PBXProject section */
		CE0207361FDDEEFB000E3BF4 /* Project object */ = {
			isa = PBXProject;
			attributes = {
				LastSwiftUpdateCheck = 0920;
				LastUpgradeCheck = 0930;
				ORGANIZATIONNAME = MyNation;
				TargetAttributes = {
					CE02073D1FDDEEFB000E3BF4 = {
						CreatedOnToolsVersion = 9.2;
						ProvisioningStyle = Automatic;
					};
					CE0207531FDDEEFB000E3BF4 = {
						CreatedOnToolsVersion = 9.2;
						ProvisioningStyle = Automatic;
						TestTargetID = CE02073D1FDDEEFB000E3BF4;
					};
				};
			};
			buildConfigurationList = CE0207391FDDEEFB000E3BF4 /* Build configuration list for PBXProject "NetWorks" */;
			compatibilityVersion = "Xcode 8.0";
			developmentRegion = en;
			hasScannedForEncodings = 0;
			knownRegions = (
				en,
				Base,
			);
			mainGroup = CE0207351FDDEEFB000E3BF4;
			productRefGroup = CE02073F1FDDEEFB000E3BF4 /* Products */;
			projectDirPath = "";
			projectRoot = "";
			targets = (
				CE02073D1FDDEEFB000E3BF4 /* NetWorks */,
				CE0207531FDDEEFB000E3BF4 /* NetWorksTests */,
			);
		};
/* End PBXProject section */

/* Begin PBXResourcesBuildPhase section */
		CE02073C1FDDEEFB000E3BF4 /* Resources */ = {
			isa = PBXResourcesBuildPhase;
			buildActionMask = 2147483647;
			files = (
				CE7CD6F020ABAF8E00A4780D /* LoadingViewController.xib in Resources */,
				CE7CD6E520ABAF8E00A4780D /* CommentViewController.xib in Resources */,
				CE7CD6EE20ABAF8E00A4780D /* FileTableViewCell.xib in Resources */,
				CE02074E1FDDEEFB000E3BF4 /* LaunchScreen.storyboard in Resources */,
				CE7CD6F120ABAF8E00A4780D /* Assets.xcassets in Resources */,
				CE02074B1FDDEEFB000E3BF4 /* Assets.xcassets in Resources */,
				CE0207641FDDEFEB000E3BF4 /* Cartfile in Resources */,
				CE5EF682207AE8B3003F1190 /* JobLineItemTypeCell.xib in Resources */,
				CE7CD6F220ABAF8E00A4780D /* Info.plist in Resources */,
				CE7CD6E920ABAF8E00A4780D /* FailedViewController.xib in Resources */,
				CE0207491FDDEEFB000E3BF4 /* Main.storyboard in Resources */,
			);
			runOnlyForDeploymentPostprocessing = 0;
		};
		CE0207521FDDEEFB000E3BF4 /* Resources */ = {
			isa = PBXResourcesBuildPhase;
			buildActionMask = 2147483647;
			files = (
			);
			runOnlyForDeploymentPostprocessing = 0;
		};
/* End PBXResourcesBuildPhase section */

/* Begin PBXShellScriptBuildPhase section */
		CE02077A1FDDF66E000E3BF4 /* ShellScript */ = {
			isa = PBXShellScriptBuildPhase;
			buildActionMask = 2147483647;
			files = (
			);
			inputPaths = (
				"$(SRCROOT)/Carthage/Build/iOS/Alamofire.framework",
				"$(SRCROOT)/Carthage/Build/iOS/AlamofireImage.framework",
				"$(SRCROOT)/Carthage/Build/iOS/KeychainSwift.framework",
				"$(SRCROOT)/Carthage/Build/iOS/Sync.framework",
				"$(SRCROOT)/Carthage/Build/iOS/XCGLogger.framework",
				"$(SRCROOT)/Carthage/Build/iOS/FontAwesome.framework",
				"$(SRCROOT)/Carthage/Build/iOS/ILPDFKit.framework",
				"$(SRCROOT)/Carthage/Build/iOS/PKHUD.framework",
				"$(SRCROOT)/Carthage/Build/iOS/Hydra.framework",
				"$(SRCROOT)/Carthage/Build/iOS/SwiftyJSON.framework",
				"$(SRCROOT)/Carthage/Build/iOS/FilesProvider.framework",
			);
			outputPaths = (
			);
			runOnlyForDeploymentPostprocessing = 0;
			shellPath = /bin/sh;
			shellScript = "/usr/local/bin/carthage copy-frameworks";
		};
/* End PBXShellScriptBuildPhase section */

/* Begin PBXSourcesBuildPhase section */
		CE02073A1FDDEEFB000E3BF4 /* Sources */ = {
			isa = PBXSourcesBuildPhase;
			buildActionMask = 2147483647;
			files = (
				CE02076F1FDDF09A000E3BF4 /* NetWorksDataModel.xcdatamodeld in Sources */,
				CE7CD6E820ABAF8E00A4780D /* FailedViewController.swift in Sources */,
				CE7CD6EA20ABAF8E00A4780D /* FilesBrowserController.swift in Sources */,
				CE5EF68820841F43003F1190 /* WorkOrderActionsViewController.swift in Sources */,
				CE5EF68B20841F43003F1190 /* WorkOrderViewController.swift in Sources */,
				CE5EF69620843562003F1190 /* AuthorisationViewController.swift in Sources */,
				CE0207731FDDF4EB000E3BF4 /* ProjectsViewController.swift in Sources */,
				CE69078A2022B75B00A0E51B /* NWSyncBase.swift in Sources */,
				CE7CD6E720ABAF8E00A4780D /* Transition.swift in Sources */,
				CE7CD6EB20ABAF8E00A4780D /* FilesBrowserDelegates.swift in Sources */,
				CEE249282048AE59001FB037 /* TextInputTableViewCell.swift in Sources */,
				CE0207741FDDF4EB000E3BF4 /* ProjectViewController.swift in Sources */,
				CE7CD6E420ABAF8E00A4780D /* CommentViewController.swift in Sources */,
				CE5EF680207AE773003F1190 /* JobLineItemTypeSearchResultsController.swift in Sources */,
				CE5EF67E207AE773003F1190 /* BaseJobLineItemTypesController.swift in Sources */,
				CE2A403E202412BD007D9948 /* LocationViewController.swift in Sources */,
				CE02076E1FDDF09A000E3BF4 /* NWProjectSync.swift in Sources */,
				CE2A4042202426D7007D9948 /* PDFEditorViewController.swift in Sources */,
				CE02076D1FDDF09A000E3BF4 /* NWAPI.swift in Sources */,
				CE7CD6EF20ABAF8E00A4780D /* LoadingViewController.swift in Sources */,
				CEA23DC1208BD2CA009F3F92 /* NWAuthorisationAPI.swift in Sources */,
				CE7CD6ED20ABAF8E00A4780D /* FileTableViewCell.swift in Sources */,
				CE4E20C0204FB94E0036E97C /* NWJobTypeSync.swift in Sources */,
				CE5EF68A20841F43003F1190 /* WorkOrderLineItemViewController.swift in Sources */,
				CE7CD6E620ABAF8E00A4780D /* Foundation.swift in Sources */,
				CE5EF69120842C6E003F1190 /* NWLocationManager.swift in Sources */,
				CE5EF69420842D10003F1190 /* UIImage-extension.swift in Sources */,
				CE5EF68920841F43003F1190 /* WorkOrderLineItemActionsViewController.swift in Sources */,
				CE5EF68E20841F4F003F1190 /* CameraViewController.swift in Sources */,
				CE7CD6EC20ABAF8E00A4780D /* FilesTableViewController.swift in Sources */,
				CE5EF67F207AE773003F1190 /* JobLineItemTypesController.swift in Sources */,
				CE0207421FDDEEFB000E3BF4 /* AppDelegate.swift in Sources */,
			);
			runOnlyForDeploymentPostprocessing = 0;
		};
		CE0207501FDDEEFB000E3BF4 /* Sources */ = {
			isa = PBXSourcesBuildPhase;
			buildActionMask = 2147483647;
			files = (
				CE0207591FDDEEFB000E3BF4 /* NetWorksTests.swift in Sources */,
			);
			runOnlyForDeploymentPostprocessing = 0;
		};
/* End PBXSourcesBuildPhase section */

/* Begin PBXTargetDependency section */
		CE0207561FDDEEFB000E3BF4 /* PBXTargetDependency */ = {
			isa = PBXTargetDependency;
			target = CE02073D1FDDEEFB000E3BF4 /* NetWorks */;
			targetProxy = CE0207551FDDEEFB000E3BF4 /* PBXContainerItemProxy */;
		};
/* End PBXTargetDependency section */

/* Begin PBXVariantGroup section */
		CE0207471FDDEEFB000E3BF4 /* Main.storyboard */ = {
			isa = PBXVariantGroup;
			children = (
				CE0207481FDDEEFB000E3BF4 /* Base */,
			);
			name = Main.storyboard;
			sourceTree = "<group>";
		};
		CE02074C1FDDEEFB000E3BF4 /* LaunchScreen.storyboard */ = {
			isa = PBXVariantGroup;
			children = (
				CE02074D1FDDEEFB000E3BF4 /* Base */,
			);
			name = LaunchScreen.storyboard;
			sourceTree = "<group>";
		};
/* End PBXVariantGroup section */

/* Begin XCBuildConfiguration section */
		CE02075B1FDDEEFB000E3BF4 /* Debug */ = {
			isa = XCBuildConfiguration;
			buildSettings = {
				ALWAYS_SEARCH_USER_PATHS = NO;
				CLANG_ANALYZER_NONNULL = YES;
				CLANG_ANALYZER_NUMBER_OBJECT_CONVERSION = YES_AGGRESSIVE;
				CLANG_CXX_LANGUAGE_STANDARD = "gnu++14";
				CLANG_CXX_LIBRARY = "libc++";
				CLANG_ENABLE_MODULES = YES;
				CLANG_ENABLE_OBJC_ARC = YES;
				CLANG_WARN_BLOCK_CAPTURE_AUTORELEASING = YES;
				CLANG_WARN_BOOL_CONVERSION = YES;
				CLANG_WARN_COMMA = YES;
				CLANG_WARN_CONSTANT_CONVERSION = YES;
				CLANG_WARN_DEPRECATED_OBJC_IMPLEMENTATIONS = YES;
				CLANG_WARN_DIRECT_OBJC_ISA_USAGE = YES_ERROR;
				CLANG_WARN_DOCUMENTATION_COMMENTS = YES;
				CLANG_WARN_EMPTY_BODY = YES;
				CLANG_WARN_ENUM_CONVERSION = YES;
				CLANG_WARN_INFINITE_RECURSION = YES;
				CLANG_WARN_INT_CONVERSION = YES;
				CLANG_WARN_NON_LITERAL_NULL_CONVERSION = YES;
				CLANG_WARN_OBJC_IMPLICIT_RETAIN_SELF = YES;
				CLANG_WARN_OBJC_LITERAL_CONVERSION = YES;
				CLANG_WARN_OBJC_ROOT_CLASS = YES_ERROR;
				CLANG_WARN_RANGE_LOOP_ANALYSIS = YES;
				CLANG_WARN_STRICT_PROTOTYPES = YES;
				CLANG_WARN_SUSPICIOUS_MOVE = YES;
				CLANG_WARN_UNGUARDED_AVAILABILITY = YES_AGGRESSIVE;
				CLANG_WARN_UNREACHABLE_CODE = YES;
				CLANG_WARN__DUPLICATE_METHOD_MATCH = YES;
				CODE_SIGN_IDENTITY = "iPhone Developer";
				COPY_PHASE_STRIP = NO;
				DEBUG_INFORMATION_FORMAT = dwarf;
				ENABLE_STRICT_OBJC_MSGSEND = YES;
				ENABLE_TESTABILITY = YES;
				GCC_C_LANGUAGE_STANDARD = gnu11;
				GCC_DYNAMIC_NO_PIC = NO;
				GCC_NO_COMMON_BLOCKS = YES;
				GCC_OPTIMIZATION_LEVEL = 0;
				GCC_PREPROCESSOR_DEFINITIONS = (
					"DEBUG=1",
					"$(inherited)",
				);
				GCC_WARN_64_TO_32_BIT_CONVERSION = YES;
				GCC_WARN_ABOUT_RETURN_TYPE = YES_ERROR;
				GCC_WARN_UNDECLARED_SELECTOR = YES;
				GCC_WARN_UNINITIALIZED_AUTOS = YES_AGGRESSIVE;
				GCC_WARN_UNUSED_FUNCTION = YES;
				GCC_WARN_UNUSED_VARIABLE = YES;
				IPHONEOS_DEPLOYMENT_TARGET = 11.2;
				MTL_ENABLE_DEBUG_INFO = YES;
				ONLY_ACTIVE_ARCH = YES;
				SDKROOT = iphoneos;
				SWIFT_ACTIVE_COMPILATION_CONDITIONS = DEBUG;
				SWIFT_OPTIMIZATION_LEVEL = "-Onone";
			};
			name = Debug;
		};
		CE02075C1FDDEEFB000E3BF4 /* Release */ = {
			isa = XCBuildConfiguration;
			buildSettings = {
				ALWAYS_SEARCH_USER_PATHS = NO;
				CLANG_ANALYZER_NONNULL = YES;
				CLANG_ANALYZER_NUMBER_OBJECT_CONVERSION = YES_AGGRESSIVE;
				CLANG_CXX_LANGUAGE_STANDARD = "gnu++14";
				CLANG_CXX_LIBRARY = "libc++";
				CLANG_ENABLE_MODULES = YES;
				CLANG_ENABLE_OBJC_ARC = YES;
				CLANG_WARN_BLOCK_CAPTURE_AUTORELEASING = YES;
				CLANG_WARN_BOOL_CONVERSION = YES;
				CLANG_WARN_COMMA = YES;
				CLANG_WARN_CONSTANT_CONVERSION = YES;
				CLANG_WARN_DEPRECATED_OBJC_IMPLEMENTATIONS = YES;
				CLANG_WARN_DIRECT_OBJC_ISA_USAGE = YES_ERROR;
				CLANG_WARN_DOCUMENTATION_COMMENTS = YES;
				CLANG_WARN_EMPTY_BODY = YES;
				CLANG_WARN_ENUM_CONVERSION = YES;
				CLANG_WARN_INFINITE_RECURSION = YES;
				CLANG_WARN_INT_CONVERSION = YES;
				CLANG_WARN_NON_LITERAL_NULL_CONVERSION = YES;
				CLANG_WARN_OBJC_IMPLICIT_RETAIN_SELF = YES;
				CLANG_WARN_OBJC_LITERAL_CONVERSION = YES;
				CLANG_WARN_OBJC_ROOT_CLASS = YES_ERROR;
				CLANG_WARN_RANGE_LOOP_ANALYSIS = YES;
				CLANG_WARN_STRICT_PROTOTYPES = YES;
				CLANG_WARN_SUSPICIOUS_MOVE = YES;
				CLANG_WARN_UNGUARDED_AVAILABILITY = YES_AGGRESSIVE;
				CLANG_WARN_UNREACHABLE_CODE = YES;
				CLANG_WARN__DUPLICATE_METHOD_MATCH = YES;
				CODE_SIGN_IDENTITY = "iPhone Developer";
				COPY_PHASE_STRIP = NO;
				DEBUG_INFORMATION_FORMAT = "dwarf-with-dsym";
				ENABLE_NS_ASSERTIONS = NO;
				ENABLE_STRICT_OBJC_MSGSEND = YES;
				GCC_C_LANGUAGE_STANDARD = gnu11;
				GCC_NO_COMMON_BLOCKS = YES;
				GCC_WARN_64_TO_32_BIT_CONVERSION = YES;
				GCC_WARN_ABOUT_RETURN_TYPE = YES_ERROR;
				GCC_WARN_UNDECLARED_SELECTOR = YES;
				GCC_WARN_UNINITIALIZED_AUTOS = YES_AGGRESSIVE;
				GCC_WARN_UNUSED_FUNCTION = YES;
				GCC_WARN_UNUSED_VARIABLE = YES;
				IPHONEOS_DEPLOYMENT_TARGET = 11.2;
				MTL_ENABLE_DEBUG_INFO = NO;
				SDKROOT = iphoneos;
				SWIFT_OPTIMIZATION_LEVEL = "-Owholemodule";
				VALIDATE_PRODUCT = YES;
			};
			name = Release;
		};
		CE02075E1FDDEEFB000E3BF4 /* Debug */ = {
			isa = XCBuildConfiguration;
			buildSettings = {
				ASSETCATALOG_COMPILER_APPICON_NAME = AppIcon;
				CODE_SIGN_STYLE = Automatic;
				DEVELOPMENT_TEAM = J223WE3VTU;
				FRAMEWORK_SEARCH_PATHS = (
					"$(inherited)",
					"$(PROJECT_DIR)/Carthage/Build/iOS",
				);
				INFOPLIST_FILE = NetWorks/Info.plist;
				LD_RUNPATH_SEARCH_PATHS = "$(inherited) @executable_path/Frameworks";
				PRODUCT_BUNDLE_IDENTIFIER = earth.MyNation.NetWorks;
				PRODUCT_NAME = "$(TARGET_NAME)";
				SWIFT_VERSION = 4.0;
				TARGETED_DEVICE_FAMILY = "1,2";
			};
			name = Debug;
		};
		CE02075F1FDDEEFB000E3BF4 /* Release */ = {
			isa = XCBuildConfiguration;
			buildSettings = {
				ASSETCATALOG_COMPILER_APPICON_NAME = AppIcon;
				CODE_SIGN_STYLE = Automatic;
				DEVELOPMENT_TEAM = J223WE3VTU;
				FRAMEWORK_SEARCH_PATHS = (
					"$(inherited)",
					"$(PROJECT_DIR)/Carthage/Build/iOS",
				);
				INFOPLIST_FILE = NetWorks/Info.plist;
				LD_RUNPATH_SEARCH_PATHS = "$(inherited) @executable_path/Frameworks";
				PRODUCT_BUNDLE_IDENTIFIER = earth.MyNation.NetWorks;
				PRODUCT_NAME = "$(TARGET_NAME)";
				SWIFT_VERSION = 4.0;
				TARGETED_DEVICE_FAMILY = "1,2";
			};
			name = Release;
		};
		CE0207611FDDEEFB000E3BF4 /* Debug */ = {
			isa = XCBuildConfiguration;
			buildSettings = {
				ALWAYS_EMBED_SWIFT_STANDARD_LIBRARIES = YES;
				BUNDLE_LOADER = "$(TEST_HOST)";
				CODE_SIGN_STYLE = Automatic;
				DEVELOPMENT_TEAM = J223WE3VTU;
				INFOPLIST_FILE = NetWorksTests/Info.plist;
				LD_RUNPATH_SEARCH_PATHS = "$(inherited) @executable_path/Frameworks @loader_path/Frameworks";
				PRODUCT_BUNDLE_IDENTIFIER = earth.MyNation.NetWorksTests;
				PRODUCT_NAME = "$(TARGET_NAME)";
				SWIFT_VERSION = 4.0;
				TARGETED_DEVICE_FAMILY = "1,2";
				TEST_HOST = "$(BUILT_PRODUCTS_DIR)/NetWorks.app/NetWorks";
			};
			name = Debug;
		};
		CE0207621FDDEEFB000E3BF4 /* Release */ = {
			isa = XCBuildConfiguration;
			buildSettings = {
				ALWAYS_EMBED_SWIFT_STANDARD_LIBRARIES = YES;
				BUNDLE_LOADER = "$(TEST_HOST)";
				CODE_SIGN_STYLE = Automatic;
				DEVELOPMENT_TEAM = J223WE3VTU;
				INFOPLIST_FILE = NetWorksTests/Info.plist;
				LD_RUNPATH_SEARCH_PATHS = "$(inherited) @executable_path/Frameworks @loader_path/Frameworks";
				PRODUCT_BUNDLE_IDENTIFIER = earth.MyNation.NetWorksTests;
				PRODUCT_NAME = "$(TARGET_NAME)";
				SWIFT_VERSION = 4.0;
				TARGETED_DEVICE_FAMILY = "1,2";
				TEST_HOST = "$(BUILT_PRODUCTS_DIR)/NetWorks.app/NetWorks";
			};
			name = Release;
		};
/* End XCBuildConfiguration section */

/* Begin XCConfigurationList section */
		CE0207391FDDEEFB000E3BF4 /* Build configuration list for PBXProject "NetWorks" */ = {
			isa = XCConfigurationList;
			buildConfigurations = (
				CE02075B1FDDEEFB000E3BF4 /* Debug */,
				CE02075C1FDDEEFB000E3BF4 /* Release */,
			);
			defaultConfigurationIsVisible = 0;
			defaultConfigurationName = Release;
		};
		CE02075D1FDDEEFB000E3BF4 /* Build configuration list for PBXNativeTarget "NetWorks" */ = {
			isa = XCConfigurationList;
			buildConfigurations = (
				CE02075E1FDDEEFB000E3BF4 /* Debug */,
				CE02075F1FDDEEFB000E3BF4 /* Release */,
			);
			defaultConfigurationIsVisible = 0;
			defaultConfigurationName = Release;
		};
		CE0207601FDDEEFB000E3BF4 /* Build configuration list for PBXNativeTarget "NetWorksTests" */ = {
			isa = XCConfigurationList;
			buildConfigurations = (
				CE0207611FDDEEFB000E3BF4 /* Debug */,
				CE0207621FDDEEFB000E3BF4 /* Release */,
			);
			defaultConfigurationIsVisible = 0;
			defaultConfigurationName = Release;
		};
/* End XCConfigurationList section */

/* Begin XCVersionGroup section */
		CE02076A1FDDF09A000E3BF4 /* NetWorksDataModel.xcdatamodeld */ = {
			isa = XCVersionGroup;
			children = (
				CE02076B1FDDF09A000E3BF4 /* NetWorksDataModel.xcdatamodel */,
			);
			currentVersion = CE02076B1FDDF09A000E3BF4 /* NetWorksDataModel.xcdatamodel */;
			path = NetWorksDataModel.xcdatamodeld;
			sourceTree = "<group>";
			versionGroupType = wrapper.xcdatamodel;
		};
/* End XCVersionGroup section */
	};
	rootObject = CE0207361FDDEEFB000E3BF4 /* Project object */;
}
